<?xml version="1.0" encoding="utf-8"?>
<Project ToolsVersion="4.0" xmlns="http://schemas.microsoft.com/developer/msbuild/2003">
  <ItemGroup>
    <Filter Include="Source Files">
      <UniqueIdentifier>{4FC737F1-C7A5-4376-A066-2A32D752A2FF}</UniqueIdentifier>
      <Extensions>cpp;c;cc;cxx;c++;cppm;ixx;def;odl;idl;hpj;bat;asm;asmx</Extensions>
    </Filter>
    <Filter Include="Header Files">
      <UniqueIdentifier>{93995380-89BD-4b04-88EB-625FBE52EBFB}</UniqueIdentifier>
      <Extensions>h;hh;hpp;hxx;h++;hm;inl;inc;ipp;xsd</Extensions>
    </Filter>
    <Filter Include="Resource Files">
      <UniqueIdentifier>{67DA6AB6-F800-4c08-8B7A-83BB121AAD01}</UniqueIdentifier>
      <Extensions>rc;ico;cur;bmp;dlg;rc2;rct;bin;rgs;gif;jpg;jpeg;jpe;resx;tiff;tif;png;wav;mfcribbon-ms</Extensions>
    </Filter>
  </ItemGroup>
  <ItemGroup>
    <ClCompile Include="01_vector_28tech.cpp">
      <Filter>Source Files</Filter>
    </ClCompile>
    <ClCompile Include="02_pair_28tech.cpp">
      <Filter>Source Files</Filter>
    </ClCompile>
    <ClCompile Include="03_set_28tech.cpp">
      <Filter>Source Files</Filter>
    </ClCompile>
    <ClCompile Include="04_multiset_28tech.cpp">
      <Filter>Source Files</Filter>
    </ClCompile>
    <ClCompile Include="05_map_cpp_28tech.cpp">
      <Filter>Source Files</Filter>
    </ClCompile>
    <ClCompile Include="06_sort_comparison_function.cpp">
      <Filter>Source Files</Filter>
    </ClCompile>
    <ClCompile Include="06_bt1_oxy.cpp">
      <Filter>Source Files</Filter>
    </ClCompile>
    <ClCompile Include="06_bt2.cpp">
      <Filter>Source Files</Filter>
    </ClCompile>
    <ClCompile Include="06_bt3_chu so ngto.cpp">
      <Filter>Source Files</Filter>
    </ClCompile>
    <ClCompile Include="07_search_co_san.cpp">
      <Filter>Source Files</Filter>
    </ClCompile>
    <ClCompile Include="08_string.cpp">
      <Filter>Source Files</Filter>
    </ClCompile>
    <ClCompile Include="06_bt4_chan_le_tach_nhau.cpp">
      <Filter>Source Files</Filter>
    </ClCompile>
    <ClCompile Include="07_bt1_lower_upper_bound.cpp">
      <Filter>Source Files</Filter>
    </ClCompile>
    <ClCompile Include="05_bt_multiset_map.cpp">
      <Filter>Source Files</Filter>
    </ClCompile>
    <ClCompile Include="08_bt1_chu so dung giua.cpp">
      <Filter>Source Files</Filter>
    </ClCompile>
    <ClCompile Include="08_bt2_liet ke tu.cpp">
      <Filter>Source Files</Filter>
    </ClCompile>
    <ClCompile Include="08_bt3_sap xep ki tu.cpp">
      <Filter>Source Files</Filter>
    </ClCompile>
    <ClCompile Include="08_bt4_sap xep tu.cpp">
      <Filter>Source Files</Filter>
    </ClCompile>
    <ClCompile Include="08_bt5_dem tu khac nhau.cpp">
      <Filter>Source Files</Filter>
    </ClCompile>
    <ClCompile Include="08_bt6_sap xep theo chieu dai.cpp">
      <Filter>Source Files</Filter>
    </ClCompile>
    <ClCompile Include="09_mang cong don.cpp">
      <Filter>Source Files</Filter>
    </ClCompile>
    <ClCompile Include="09_mang cong don hai chieu.cpp">
      <Filter>Source Files</Filter>
    </ClCompile>
    <ClCompile Include="10_mang hieu.cpp">
      <Filter>Source Files</Filter>
    </ClCompile>
    <ClCompile Include="11_Ky thuat loang mang 2 chieu.cpp">
      <Filter>Source Files</Filter>
    </ClCompile>
    <ClCompile Include="11_bt_count island 1.cpp">
      <Filter>Source Files</Filter>
    </ClCompile>
    <ClCompile Include="12_bt1_cua so truot co ban.cpp">
      <Filter>Source Files</Filter>
    </ClCompile>
    <ClCompile Include="12_bt2_so nho hon k.cpp">
      <Filter>Source Files</Filter>
    </ClCompile>
    <ClCompile Include="12_bt3_sua den.cpp">
      <Filter>Source Files</Filter>
    </ClCompile>
    <ClCompile Include="12_bt4_cua so trung nhau.cpp">
      <Filter>Source Files</Filter>
    </ClCompile>
    <ClCompile Include="12_bt5_cua so trung nhau 2.cpp">
      <Filter>Source Files</Filter>
    </ClCompile>
    <ClCompile Include="13_con tro.cpp">
      <Filter>Source Files</Filter>
    </ClCompile>
    <ClCompile Include="14_bt1_ky thuat hai con tro.cpp">
      <Filter>Source Files</Filter>
    </ClCompile>
    <ClCompile Include="14_bt2_number of smaller.cpp">
      <Filter>Source Files</Filter>
    </ClCompile>
    <ClCompile Include="14_bt3_number of equal.cpp">
      <Filter>Source Files</Filter>
    </ClCompile>
    <ClCompile Include="14_bt4_segment with small sum.cpp">
      <Filter>Source Files</Filter>
    </ClCompile>
    <ClCompile Include="14_bt5_segment with big sum.cpp">
      <Filter>Source Files</Filter>
    </ClCompile>
    <ClCompile Include="14_bt6_number of segments with small sum.cpp">
      <Filter>Source Files</Filter>
    </ClCompile>
    <ClCompile Include="14_bt7_number of segment with big sum.cpp">
      <Filter>Source Files</Filter>
    </ClCompile>
    <ClCompile Include="14_bt8_segment with small set.cpp">
      <Filter>Source Files</Filter>
    </ClCompile>
    <ClCompile Include="14_bt9_segment with small spread.cpp">
      <Filter>Source Files</Filter>
    </ClCompile>
    <ClCompile Include="14_bt10_two sum.cpp">
      <Filter>Source Files</Filter>
    </ClCompile>
    <ClCompile Include="14_bt11_three sum.cpp">
      <Filter>Source Files</Filter>
    </ClCompile>
  </ItemGroup>
</Project>